
Microsoft Visual Studio Solution File, Format Version 11.00
# Visual Web Developer Express 2010
Project("{E24C65DC-7377-472B-9ABA-BC803B73C61A}") = "UNCDeporte Web", ".", "{623ACC7B-15FF-48DB-835F-46D8B3B66BDC}"
	ProjectSection(WebsiteProperties) = preProject
		TargetFrameworkMoniker = ".NETFramework,Version%3Dv4.0"
		Debug.AspNetCompiler.VirtualPath = "/UNCDeporte Web"
		Debug.AspNetCompiler.PhysicalPath = "..\UNCDeporte Web\"
		Debug.AspNetCompiler.TargetPath = "PrecompiledWeb\UNCDeporte Web\"
		Debug.AspNetCompiler.Updateable = "true"
		Debug.AspNetCompiler.ForceOverwrite = "true"
		Debug.AspNetCompiler.FixedNames = "false"
		Debug.AspNetCompiler.Debug = "True"
		Release.AspNetCompiler.VirtualPath = "/UNCDeporte Web"
		Release.AspNetCompiler.PhysicalPath = "..\UNCDeporte Web\"
		Release.AspNetCompiler.TargetPath = "PrecompiledWeb\UNCDeporte Web\"
		Release.AspNetCompiler.Updateable = "true"
		Release.AspNetCompiler.ForceOverwrite = "true"
		Release.AspNetCompiler.FixedNames = "false"
		Release.AspNetCompiler.Debug = "False"
		VWDPort = "49271"
	EndProjectSection
EndProject
Global
	GlobalSection(SolutionConfigurationPlatforms) = preSolution
		Debug|Any CPU = Debug|Any CPU
	EndGlobalSection
	GlobalSection(ProjectConfigurationPlatforms) = postSolution
		{623ACC7B-15FF-48DB-835F-46D8B3B66BDC}.Debug|Any CPU.ActiveCfg = Debug|Any CPU
		{623ACC7B-15FF-48DB-835F-46D8B3B66BDC}.Debug|Any CPU.Build.0 = Debug|Any CPU
	EndGlobalSection
	GlobalSection(SolutionProperties) = preSolution
		HideSolutionNode = FALSE
	EndGlobalSection
EndGlobal
